
Microsoft Visual Studio Solution File, Format Version 12.00
# Visual Studio Version 17
VisualStudioVersion = 17.4.33205.214
MinimumVisualStudioVersion = 10.0.40219.1
Project("{9A19103F-16F7-4668-BE54-9A1E7A4F7556}") = "Entities", "Entities\Entities.csproj", "{97D5E9BA-BE0F-4828-BA84-22FEBFCA3A1B}"
EndProject
Project("{9A19103F-16F7-4668-BE54-9A1E7A4F7556}") = "Repositories", "Repositories\Repositories.csproj", "{B60CC79F-A7DA-441F-867D-6DFA96EDC55F}"
EndProject
Project("{9A19103F-16F7-4668-BE54-9A1E7A4F7556}") = "WebAPI", "WebAPI\WebAPI.csproj", "{776FF45C-A6F1-4461-9F44-9C5056748622}"
EndProject
Project("{9A19103F-16F7-4668-BE54-9A1E7A4F7556}") = "Services", "Services\Services.csproj", "{84C6123A-F287-4AEF-B243-0FFF6AB4B1CC}"
EndProject
Project("{FAE04EC0-301F-11D3-BF4B-00C04F79EFBC}") = "Presentation", "Presentation\Presentation.csproj", "{9F8EC8B8-3E76-4E87-9976-FD011A8DC1F1}"
EndProject
Global
	GlobalSection(SolutionConfigurationPlatforms) = preSolution
		Debug|Any CPU = Debug|Any CPU
		Release|Any CPU = Release|Any CPU
	EndGlobalSection
	GlobalSection(ProjectConfigurationPlatforms) = postSolution
		{97D5E9BA-BE0F-4828-BA84-22FEBFCA3A1B}.Debug|Any CPU.ActiveCfg = Debug|Any CPU
		{97D5E9BA-BE0F-4828-BA84-22FEBFCA3A1B}.Debug|Any CPU.Build.0 = Debug|Any CPU
		{97D5E9BA-BE0F-4828-BA84-22FEBFCA3A1B}.Release|Any CPU.ActiveCfg = Release|Any CPU
		{97D5E9BA-BE0F-4828-BA84-22FEBFCA3A1B}.Release|Any CPU.Build.0 = Release|Any CPU
		{B60CC79F-A7DA-441F-867D-6DFA96EDC55F}.Debug|Any CPU.ActiveCfg = Debug|Any CPU
		{B60CC79F-A7DA-441F-867D-6DFA96EDC55F}.Debug|Any CPU.Build.0 = Debug|Any CPU
		{B60CC79F-A7DA-441F-867D-6DFA96EDC55F}.Release|Any CPU.ActiveCfg = Release|Any CPU
		{B60CC79F-A7DA-441F-867D-6DFA96EDC55F}.Release|Any CPU.Build.0 = Release|Any CPU
		{776FF45C-A6F1-4461-9F44-9C5056748622}.Debug|Any CPU.ActiveCfg = Debug|Any CPU
		{776FF45C-A6F1-4461-9F44-9C5056748622}.Debug|Any CPU.Build.0 = Debug|Any CPU
		{776FF45C-A6F1-4461-9F44-9C5056748622}.Release|Any CPU.ActiveCfg = Release|Any CPU
		{776FF45C-A6F1-4461-9F44-9C5056748622}.Release|Any CPU.Build.0 = Release|Any CPU
		{84C6123A-F287-4AEF-B243-0FFF6AB4B1CC}.Debug|Any CPU.ActiveCfg = Debug|Any CPU
		{84C6123A-F287-4AEF-B243-0FFF6AB4B1CC}.Debug|Any CPU.Build.0 = Debug|Any CPU
		{84C6123A-F287-4AEF-B243-0FFF6AB4B1CC}.Release|Any CPU.ActiveCfg = Release|Any CPU
		{84C6123A-F287-4AEF-B243-0FFF6AB4B1CC}.Release|Any CPU.Build.0 = Release|Any CPU
		{9F8EC8B8-3E76-4E87-9976-FD011A8DC1F1}.Debug|Any CPU.ActiveCfg = Debug|Any CPU
		{9F8EC8B8-3E76-4E87-9976-FD011A8DC1F1}.Debug|Any CPU.Build.0 = Debug|Any CPU
		{9F8EC8B8-3E76-4E87-9976-FD011A8DC1F1}.Release|Any CPU.ActiveCfg = Release|Any CPU
		{9F8EC8B8-3E76-4E87-9976-FD011A8DC1F1}.Release|Any CPU.Build.0 = Release|Any CPU
	EndGlobalSection
	GlobalSection(SolutionProperties) = preSolution
		HideSolutionNode = FALSE
	EndGlobalSection
	GlobalSection(ExtensibilityGlobals) = postSolution
		SolutionGuid = {C6FB3FCB-075F-4025-93D6-5DB4BEE218E5}
	EndGlobalSection
EndGlobal
